
Microsoft Visual Studio Solution File, Format Version 12.00
# Visual Studio 15
VisualStudioVersion = 15.0.28307.1231
MinimumVisualStudioVersion = 10.0.40219.1
Project("{FAE04EC0-301F-11D3-BF4B-00C04F79EFBC}") = "ProductsApp", "ProductsApp\ProductsApp.csproj", "{21341264-CD4D-4D8E-8979-3E5A3BC431F8}"
EndProject
Project("{FAE04EC0-301F-11D3-BF4B-00C04F79EFBC}") = "ProductsApp.Tests", "ProductsApp.Tests\ProductsApp.Tests.csproj", "{AE24419D-8F20-4D61-B2C3-12F4C9751291}"
EndProject
Global
	GlobalSection(SolutionConfigurationPlatforms) = preSolution
		Debug|Any CPU = Debug|Any CPU
		Release|Any CPU = Release|Any CPU
	EndGlobalSection
	GlobalSection(ProjectConfigurationPlatforms) = postSolution
		{21341264-CD4D-4D8E-8979-3E5A3BC431F8}.Debug|Any CPU.ActiveCfg = Debug|Any CPU
		{21341264-CD4D-4D8E-8979-3E5A3BC431F8}.Debug|Any CPU.Build.0 = Debug|Any CPU
		{21341264-CD4D-4D8E-8979-3E5A3BC431F8}.Release|Any CPU.ActiveCfg = Release|Any CPU
		{21341264-CD4D-4D8E-8979-3E5A3BC431F8}.Release|Any CPU.Build.0 = Release|Any CPU
		{AE24419D-8F20-4D61-B2C3-12F4C9751291}.Debug|Any CPU.ActiveCfg = Debug|Any CPU
		{AE24419D-8F20-4D61-B2C3-12F4C9751291}.Debug|Any CPU.Build.0 = Debug|Any CPU
		{AE24419D-8F20-4D61-B2C3-12F4C9751291}.Release|Any CPU.ActiveCfg = Release|Any CPU
		{AE24419D-8F20-4D61-B2C3-12F4C9751291}.Release|Any CPU.Build.0 = Release|Any CPU
	EndGlobalSection
	GlobalSection(SolutionProperties) = preSolution
		HideSolutionNode = FALSE
	EndGlobalSection
	GlobalSection(ExtensibilityGlobals) = postSolution
		SolutionGuid = {1623E636-1C6F-4CA0-9889-1C479E33456F}
	EndGlobalSection
EndGlobal
